<?xml version="1.0" encoding="utf-8"?>
<Project ToolsVersion="Current" xmlns="http://schemas.microsoft.com/developer/msbuild/2003">
  <ItemGroup>
    <ClCompile Include="cmdline.cpp" />
    <ClCompile Include="install-cmd.cpp" />
    <ClCompile Include="stdafx.cpp" />
    <ClCompile Include="..\cal\caninstall.cpp">
      <Filter>cal_imported</Filter>
    </ClCompile>
    <ClCompile Include="..\cal\customactiondata.cpp">
      <Filter>cal_imported</Filter>
    </ClCompile>
    <ClCompile Include="..\cal\PropertyView.cpp">
      <Filter>cal_imported</Filter>
    </ClCompile>
    <ClCompile Include="..\cal\ddreg.cpp">
      <Filter>cal_imported</Filter>
    </ClCompile>
    <ClCompile Include="..\cal\FinalizeInstall.cpp">
      <Filter>cal_imported</Filter>
    </ClCompile>
    <ClCompile Include="..\cal\stopservices.cpp">
      <Filter>cal_imported</Filter>
    </ClCompile>
    <ClCompile Include="..\cal\PropertyReplacer.cpp">
      <Filter>cal_imported</Filter>
    </ClCompile>
    <ClCompile Include="..\cal\strings.cpp">
      <Filter>cal_imported</Filter>
    </ClCompile>
    <ClCompile Include="..\cal\TargetMachine.cpp">
      <Filter>cal_imported</Filter>
    </ClCompile>
    <ClCompile Include="..\cal\usercreate.cpp">
      <Filter>cal_imported</Filter>
    </ClCompile>
    <ClCompile Include="..\cal\userrights.cpp">
      <Filter>cal_imported</Filter>
    </ClCompile>
    <ClCompile Include="..\cal\winacl.cpp">
      <Filter>cal_imported</Filter>
    </ClCompile>
    <ClCompile Include="..\cal\Error.cpp">
      <Filter>cal_imported</Filter>
    </ClCompile>
    <ClCompile Include="..\cal\Logoncli.cpp" />
  </ItemGroup>
  <ItemGroup>
    <ClInclude Include="cmdargs.h" />
    <ClInclude Include="install-cmd.h" />
    <ClInclude Include="stdafx.h" />
    <ClInclude Include="resource.h" />
  </ItemGroup>
  <ItemGroup>
    <ResourceCompile Include="..\cal\stringtable.rc" />
    <ResourceCompile Include="install-cmd.rc" />
  </ItemGroup>
  <ItemGroup>
    <Filter Include="cal_imported">
      <UniqueIdentifier>{8dac09f8-aa7d-48b6-8a95-e13f425c2bfb}</UniqueIdentifier>
    </Filter>
  </ItemGroup>
</Project>
