hash: 05b941ad03b7ad7d55eda3f7cabda42c83cadf889c9430f34d8329da084a45ce
updated: 2017-02-27T10:08:49.505256266+01:00
imports:
- name: github.com/cihub/seelog
  version: d2c6e5aa9fbfdd1c624e140287063c7730654115
- name: github.com/DataDog/agent-payload
  version: d185e425fded4bdda8495d072e811a686d8ef20d
  subpackages:
  - go
- name: github.com/DataDog/datadog-go
  version: 6fa3e39b86f8cbb638a971f2a90b9ebd98074c6b
  subpackages:
  - statsd
- name: github.com/DataDog/zstd
  version: b95200223de728296c3bd0609039cbcb57e15223
- name: github.com/davecgh/go-spew
  version: 6d212800a42e8ab5c146b8ace3490ee17e5225f9
  subpackages:
  - spew
- name: github.com/docker/distribution
  version: 50133d63723f8fa376e632a853739990a133be16
  subpackages:
  - reference
  - digestset
- name: github.com/docker/docker
  version: 092cba3727bb9b4a2f0e922cd6c0f93ea270e363
  subpackages:
  - client
  - api/types
  - api/types/container
  - api/types/events
  - api/types/filters
  - api/types/network
  - api/types/reference
  - api/types/registry
  - api/types/swarm
  - api/types/time
  - api/types/versions
  - api/types/volume
  - pkg/tlsconfig
  - api/types/mount
  - api/types/blkiodev
  - api/types/strslice
- name: github.com/docker/go-connections
  version: 1b14b2d192e2f91cdc2bc6bf9aee0b0e116eed42
  subpackages:
  - sockets
  - tlsconfig
  - nat
- name: github.com/docker/go-units
  version: 0dadbb0345b35ec7ef35e228dabb8de89a65bf52
- name: github.com/fsnotify/fsnotify
  version: 629574ca2a5df945712d3079857300b5e4da0236
- name: github.com/go-ole/go-ole
  version: de8695c8edbf8236f30d6e1376e20b198a028d42
  subpackages:
  - oleutil
- name: github.com/gogo/protobuf
  version: 83faaee7bbbdf0c59310ec67d340bc0cbe77053f
  subpackages:
  - proto
- name: github.com/golang/protobuf
  version: 69b215d01a5606c843240eab4937eab3acee6530
  subpackages:
  - proto
- name: github.com/gorilla/context
  version: 1ea25387ff6f684839d82767c1733ff4d4d15d0a
- name: github.com/gorilla/mux
  version: 392c28fe23e1c45ddba891b0320b3b5df220beea
- name: github.com/hashicorp/hcl
  version: 630949a3c5fa3c613328e1b8256052cbc2327c9b
  subpackages:
  - hcl/ast
  - hcl/parser
  - hcl/token
  - json/parser
  - hcl/scanner
  - hcl/strconv
  - json/scanner
  - json/token
- name: github.com/inconshreveable/mousetrap
  version: 76626ae9c91c4f2a10f34cad8ce83ea42c93bb75
- name: github.com/kardianos/osext
  version: 9b883c5eb462dd5cb1b0a7a104fe86bc6b9bd391
- name: github.com/magiconair/properties
  version: b3b15ef068fd0b17ddf408a23669f20811d194d2
- name: github.com/Microsoft/go-winio
  version: fff283ad5116362ca252298cfc9b95828956d85d
- name: github.com/mitchellh/mapstructure
  version: db1efb556f84b25a0a13a04aad883943538ad2e0
- name: github.com/mitchellh/reflectwalk
  version: 417edcfd99a4d472c262e58f22b4bfe97580f03e
- name: github.com/opencontainers/go-digest
  version: aa2ec055abd10d26d539eb630a92241b781ce4bc
- name: github.com/PagerDuty/godspeed
  version: 6d136386b5f291797c77764dfd2acc950dc27347
- name: github.com/patrickmn/go-cache
  version: 1881a9bccb818787f68c52bfba648c6cf34c34fa
- name: github.com/pelletier/go-buffruneio
  version: df1e16fde7fc330a0ca68167c23bf7ed6ac31d6d
- name: github.com/pelletier/go-toml
  version: 22139eb5469018e7374b3e7ef653de37ffb44f72
- name: github.com/pkg/errors
  version: 248dadf4e9068a0b3e79f02ed0a610d935de5302
- name: github.com/pmezard/go-difflib
  version: d8ed2627bdf02c080bf22230dbb337003b7aba2d
  subpackages:
  - difflib
- name: github.com/sbinet/go-python
  version: a2acb64fbdf8703949837e5ebf50c71319fe03a4
- name: github.com/shirou/gopsutil
  version: d371ba1293cb48fedc6850526ea48b3846c54f2c
  subpackages:
  - mem
  - cpu
  - host
  - internal/common
  - process
  - net
- name: github.com/shirou/w32
  version: bb4de0191aa41b5507caa14b0650cdbddcd9280b
- name: github.com/Sirupsen/logrus
  version: 7f4b1adc791766938c29457bed0703fb9134421a
- name: github.com/spf13/afero
  version: 9be650865eab0c12963d8753212f4f9c66cdcf12
  subpackages:
  - mem
- name: github.com/spf13/cast
  version: f820543c3592e283e311a60d2a600a664e39f6f7
- name: github.com/spf13/cobra
  version: 92ea23a837e66f46ac9e7d04fa826602b7b0a42d
  subpackages:
  - cobra
- name: github.com/spf13/jwalterweatherman
  version: fa7ca7e836cf3a8bb4ebf799f472c12d7e903d66
- name: github.com/spf13/pflag
  version: 9ff6c6923cfffbcd502984b8e0c80539a94968b7
- name: github.com/spf13/viper
  version: 7538d73b4eb9511d85a9f1dfef202eeb8ac260f4
- name: github.com/StackExchange/wmi
  version: e542ed97d15e640bdc14b5c12162d59e8fc67324
- name: github.com/stretchr/objx
  version: cbeaeb16a013161a98496fad62933b1d21786672
- name: github.com/stretchr/testify
  version: 69483b4bd14f5845b5a1e55bca19e954e827f1d0
  subpackages:
  - mock
  - assert
  - suite
  - require
- name: golang.org/x/net
  version: 10c134ea0df15f7e34d789338c7a2d76cc7a3ab9
  subpackages:
  - context
  - context/ctxhttp
  - proxy
- name: golang.org/x/sys
  version: e4594059fe4cde2daf423055a596c2cd1e6c9adf
  subpackages:
  - unix
  - windows
- name: golang.org/x/text
  version: 0ad425fe45e885577bef05dc1c50f72e33188b16
  subpackages:
  - transform
  - unicode/norm
- name: gopkg.in/yaml.v2
  version: a3f3340b5840cee44f372bddb5880fcbc419b46a
testImports: []
