DEPENDENCIES
  golang (~> 1.4.0)
  omnibus (~> 1.2.2)
  yum (< 3.0.0)

GRAPH
  7-zip (1.0.2)
    windows (>= 1.2.2)
  apt (1.9.2)
  build-essential (1.4.4)
  chef_handler (1.1.6)
  dmg (2.2.0)
  git (2.3.0)
    build-essential (>= 0.0.0)
    dmg (>= 0.0.0)
    runit (~> 1.0)
    windows (>= 0.0.0)
    yum (>= 0.0.0)
  golang (1.4.0)
  homebrew (1.3.2)
  ohai (2.0.1)
  omnibus (1.2.2)
    7-zip (~> 1.0.0)
    apt (~> 1.9.0)
    build-essential (~> 1.4.0)
    git (~> 2.3.0)
    homebrew (~> 1.3.2)
    pkgin (~> 0.4.0)
    pkgutil (~> 0.0.3)
    rbenv (= 1.6.5)
    windows (~> 1.8.8)
    wix (~> 1.1.0)
    yum (~> 2.2.0)
  pkgin (0.4.0)
  pkgutil (0.0.3)
  rbenv (1.6.5)
    apt (>= 0.0.0)
    build-essential (>= 0.0.0)
    git (>= 0.0.0)
    ohai (>= 1.1)
  runit (1.0.6)
    build-essential (>= 0.0.0)
  windows (1.8.10)
    chef_handler (>= 0.0.0)
  wix (1.1.0)
    windows (>= 1.2.2)
  yum (2.2.4)
