github.com/DataDog/datadog-agent/pkg/util/log v0.0.0-20201009091026-5e3e70109784/go.mod h1:Amprp+vtcRFcxxGRVoK7SWTaQzI1/cFTQ4uD7Ncvd4Y=
github.com/DataDog/datadog-agent/pkg/util/log v0.0.0-20201009091607-ce4e57cdf8f4 h1:gDndC9S8SsJnm3VnSvXO2FLzu1OPLEqn4TeAJDMHHDQ=
github.com/DataDog/datadog-agent/pkg/util/log v0.0.0-20201009091607-ce4e57cdf8f4/go.mod h1:cRy7lwapA3jcjnX74kU6NFkXaRGQyB0l/QZA0IwYGEQ=
github.com/cihub/seelog v0.0.0-20170130134532-f561c5e57575 h1:kHaBemcxl8o/pQ5VM1c8PVE1PubbNx3mjUr09OqWGCs=
github.com/cihub/seelog v0.0.0-20170130134532-f561c5e57575/go.mod h1:9d6lWj8KzO/fd/NrVaLscBKmPigpZpn5YawRPw+e3Yo=
github.com/davecgh/go-spew v1.1.0/go.mod h1:J7Y8YcW2NihsgmVo/mv3lAwl/skON4iLHjSsI+c5H38=
github.com/pmezard/go-difflib v1.0.0/go.mod h1:iKH77koFhYxTK1pcRnkKkqfTogsbg7gZNVY4sRDYZ/4=
github.com/stretchr/objx v0.1.0/go.mod h1:HFkY916IF+rwdDfMAkV7OtwuqBVzrE8GR6GFx+wExME=
github.com/stretchr/testify v1.6.1/go.mod h1:6Fq8oRcR53rry900zMqJjRRixrwX3KX962/h/Wwjteg=
gopkg.in/check.v1 v0.0.0-20161208181325-20d25e280405/go.mod h1:Co6ibVJAznAaIkqp8huTwlJQCZ016jof/cbN4VW5Yz0=
gopkg.in/yaml.v3 v3.0.0-20200313102051-9f266ea9e77c/go.mod h1:K4uyk7z7BCEPqu6E+C64Yfv1cQ7kz7rIZviUmN+EgEM=
